// !$*UTF8*$!
{
	archiveVersion = 1;
	classes = {
	};
	objectVersion = 56;
	objects = {

/* Begin PBXBuildFile section */
		AA040227298EF838007ECD54 /* FeedKit in Frameworks */ = {isa = PBXBuildFile; productRef = AA040226298EF838007ECD54 /* FeedKit */; };
		AA040229299838D9007ECD54 /* RSSFeed+Extension.swift in Sources */ = {isa = PBXBuildFile; fileRef = AA040228299838D9007ECD54 /* RSSFeed+Extension.swift */; };
		AA04022B29983912007ECD54 /* Episode.swift in Sources */ = {isa = PBXBuildFile; fileRef = AA04022A29983912007ECD54 /* Episode.swift */; };
		AA04023429983A4D007ECD54 /* Moya in Frameworks */ = {isa = PBXBuildFile; productRef = AA04023329983A4D007ECD54 /* Moya */; };
		AA04023929990FBD007ECD54 /* PodcastsSearchController.swift in Sources */ = {isa = PBXBuildFile; fileRef = AA04023829990FBD007ECD54 /* PodcastsSearchController.swift */; };
		AA040247299931DC007ECD54 /* PodcastTableViewCell.xib in Resources */ = {isa = PBXBuildFile; fileRef = AA040246299931DC007ECD54 /* PodcastTableViewCell.xib */; };
		AA04024929993208007ECD54 /* PodcastTableViewCell.swift in Sources */ = {isa = PBXBuildFile; fileRef = AA04024829993208007ECD54 /* PodcastTableViewCell.swift */; };
		AA280F932C5E8BD700EF6B30 /* HomeViewModel.swift in Sources */ = {isa = PBXBuildFile; fileRef = AA280F922C5E8BD700EF6B30 /* HomeViewModel.swift */; };
		AA280F952C5E959900EF6B30 /* EpisodeListView.swift in Sources */ = {isa = PBXBuildFile; fileRef = AA280F942C5E959900EF6B30 /* EpisodeListView.swift */; };
		AA280F972C5E98DA00EF6B30 /* EpisodeListViewModel.swift in Sources */ = {isa = PBXBuildFile; fileRef = AA280F962C5E98DA00EF6B30 /* EpisodeListViewModel.swift */; };
		AA3FB93E299E29F50073FE5E /* SearchResult.swift in Sources */ = {isa = PBXBuildFile; fileRef = AA3FB93D299E29F50073FE5E /* SearchResult.swift */; };
		AA3FB940299E2A0F0073FE5E /* Feed.swift in Sources */ = {isa = PBXBuildFile; fileRef = AA3FB93F299E2A0F0073FE5E /* Feed.swift */; };
		AA62813E29873D6A002967DD /* String+Extensions.swift in Sources */ = {isa = PBXBuildFile; fileRef = AA62813D29873D6A002967DD /* String+Extensions.swift */; };
		AA62814029882458002967DD /* EpisodesTableViewController.swift in Sources */ = {isa = PBXBuildFile; fileRef = AA62813F29882458002967DD /* EpisodesTableViewController.swift */; };
		AA628143298836DA002967DD /* EpisodeTableViewCell.swift in Sources */ = {isa = PBXBuildFile; fileRef = AA628141298836DA002967DD /* EpisodeTableViewCell.swift */; };
		AA628144298836DA002967DD /* EpisodeTableViewCell.xib in Resources */ = {isa = PBXBuildFile; fileRef = AA628142298836DA002967DD /* EpisodeTableViewCell.xib */; };
		AA62814629884664002967DD /* PlayerDetailsView.xib in Resources */ = {isa = PBXBuildFile; fileRef = AA62814529884664002967DD /* PlayerDetailsView.xib */; };
		AA628148298849CE002967DD /* PlayerDetailsView.swift in Sources */ = {isa = PBXBuildFile; fileRef = AA628147298849CE002967DD /* PlayerDetailsView.swift */; };
		AA679A832AA768AF00B1B249 /* Double+Extensions.swift in Sources */ = {isa = PBXBuildFile; fileRef = AA679A822AA768AF00B1B249 /* Double+Extensions.swift */; };
		AA73B4CF2A8BFE8D00F45B9A /* PlayerManager.swift in Sources */ = {isa = PBXBuildFile; fileRef = AA73B4CE2A8BFE8D00F45B9A /* PlayerManager.swift */; };
		AA771071292063CF009FDBAA /* AppDelegate.swift in Sources */ = {isa = PBXBuildFile; fileRef = AA771070292063CF009FDBAA /* AppDelegate.swift */; };
		AA771073292063CF009FDBAA /* SceneDelegate.swift in Sources */ = {isa = PBXBuildFile; fileRef = AA771072292063CF009FDBAA /* SceneDelegate.swift */; };
		AA771075292063CF009FDBAA /* ViewController.swift in Sources */ = {isa = PBXBuildFile; fileRef = AA771074292063CF009FDBAA /* ViewController.swift */; };
		AA771078292063CF009FDBAA /* Main.storyboard in Resources */ = {isa = PBXBuildFile; fileRef = AA771076292063CF009FDBAA /* Main.storyboard */; };
		AA77107B292063CF009FDBAA /* Podcast.xcdatamodeld in Sources */ = {isa = PBXBuildFile; fileRef = AA771079292063CF009FDBAA /* Podcast.xcdatamodeld */; };
		AA77107D292063D0009FDBAA /* Assets.xcassets in Resources */ = {isa = PBXBuildFile; fileRef = AA77107C292063D0009FDBAA /* Assets.xcassets */; };
		AA771080292063D0009FDBAA /* LaunchScreen.storyboard in Resources */ = {isa = PBXBuildFile; fileRef = AA77107E292063D0009FDBAA /* LaunchScreen.storyboard */; };
		AA77108A29206661009FDBAA /* APICaller.swift in Sources */ = {isa = PBXBuildFile; fileRef = AA77108929206661009FDBAA /* APICaller.swift */; };
		AA77108C292066C9009FDBAA /* Podcast.swift in Sources */ = {isa = PBXBuildFile; fileRef = AA77108B292066C9009FDBAA /* Podcast.swift */; };
		AA7B7AB1297206420060004E /* HomeViewController.swift in Sources */ = {isa = PBXBuildFile; fileRef = AA7B7AB0297206420060004E /* HomeViewController.swift */; };
		AA7B7AB329720B360060004E /* CollectionViewTableViewCell.swift in Sources */ = {isa = PBXBuildFile; fileRef = AA7B7AB229720B360060004E /* CollectionViewTableViewCell.swift */; };
		AA8C2D23297B628B00D8A9E9 /* PosterPreviewViewModel.swift in Sources */ = {isa = PBXBuildFile; fileRef = AA8C2D22297B628B00D8A9E9 /* PosterPreviewViewModel.swift */; };
		AA9FDD3E29736C9B00DEB8ED /* PosterCollectionViewCell.swift in Sources */ = {isa = PBXBuildFile; fileRef = AA9FDD3D29736C9B00DEB8ED /* PosterCollectionViewCell.swift */; };
		AAA4E1EF2C58513000133D6B /* HomeView.swift in Sources */ = {isa = PBXBuildFile; fileRef = AAA4E1EE2C58513000133D6B /* HomeView.swift */; };
		AAA4E1F12C58582900133D6B /* HomeCellView.swift in Sources */ = {isa = PBXBuildFile; fileRef = AAA4E1F02C58582900133D6B /* HomeCellView.swift */; };
		AAB0F193292141570084B7F6 /* SDWebImage in Frameworks */ = {isa = PBXBuildFile; productRef = AAB0F192292141570084B7F6 /* SDWebImage */; };
		AAB0F195292141570084B7F6 /* SDWebImageMapKit in Frameworks */ = {isa = PBXBuildFile; productRef = AAB0F194292141570084B7F6 /* SDWebImageMapKit */; };
		AAD99761297DC040006DCC9E /* XmlManager.swift in Sources */ = {isa = PBXBuildFile; fileRef = AAD99760297DC040006DCC9E /* XmlManager.swift */; };
		AAD99763297DCAC2006DCC9E /* SwiftUIView.swift in Sources */ = {isa = PBXBuildFile; fileRef = AAD99762297DCAC2006DCC9E /* SwiftUIView.swift */; };
		AAD99768297EEE53006DCC9E /* SnapKit in Frameworks */ = {isa = PBXBuildFile; productRef = AAD99767297EEE53006DCC9E /* SnapKit */; };
		AAD9976D297EEE9C006DCC9E /* RxGesture in Frameworks */ = {isa = PBXBuildFile; productRef = AAD9976C297EEE9C006DCC9E /* RxGesture */; };
		AAD99770297EEEF4006DCC9E /* RxSwift in Frameworks */ = {isa = PBXBuildFile; productRef = AAD9976F297EEEF4006DCC9E /* RxSwift */; };
		AAD99781297EF3B4006DCC9E /* CustomTabBarController.swift in Sources */ = {isa = PBXBuildFile; fileRef = AAD99776297EF3B4006DCC9E /* CustomTabBarController.swift */; };
		AAD99782297EF3B4006DCC9E /* CustomItemView.swift in Sources */ = {isa = PBXBuildFile; fileRef = AAD99777297EF3B4006DCC9E /* CustomItemView.swift */; };
		AAD99785297EF3B4006DCC9E /* CustomTabBar.swift in Sources */ = {isa = PBXBuildFile; fileRef = AAD9977A297EF3B4006DCC9E /* CustomTabBar.swift */; };
		AAD99789297EF3B4006DCC9E /* CustomTabBarItem.swift in Sources */ = {isa = PBXBuildFile; fileRef = AAD9977E297EF3B4006DCC9E /* CustomTabBarItem.swift */; };
		AAD997AF2980A43A006DCC9E /* Array+Extensions.swift in Sources */ = {isa = PBXBuildFile; fileRef = AAD997AE2980A43A006DCC9E /* Array+Extensions.swift */; };
		AAD997B12980A46E006DCC9E /* UiStackView+Extensions.swift in Sources */ = {isa = PBXBuildFile; fileRef = AAD997B02980A46E006DCC9E /* UiStackView+Extensions.swift */; };
		AAD997B32980A498006DCC9E /* UIView+Extensions.swift in Sources */ = {isa = PBXBuildFile; fileRef = AAD997B22980A498006DCC9E /* UIView+Extensions.swift */; };
		AAD997B52980A4DD006DCC9E /* UILabel+Extensions.swift in Sources */ = {isa = PBXBuildFile; fileRef = AAD997B42980A4DD006DCC9E /* UILabel+Extensions.swift */; };
/* End PBXBuildFile section */

/* Begin PBXFileReference section */
		AA040228299838D9007ECD54 /* RSSFeed+Extension.swift */ = {isa = PBXFileReference; lastKnownFileType = sourcecode.swift; path = "RSSFeed+Extension.swift"; sourceTree = "<group>"; };
		AA04022A29983912007ECD54 /* Episode.swift */ = {isa = PBXFileReference; lastKnownFileType = sourcecode.swift; path = Episode.swift; sourceTree = "<group>"; };
		AA04023829990FBD007ECD54 /* PodcastsSearchController.swift */ = {isa = PBXFileReference; lastKnownFileType = sourcecode.swift; path = PodcastsSearchController.swift; sourceTree = "<group>"; };
		AA040246299931DC007ECD54 /* PodcastTableViewCell.xib */ = {isa = PBXFileReference; lastKnownFileType = file.xib; path = PodcastTableViewCell.xib; sourceTree = "<group>"; };
		AA04024829993208007ECD54 /* PodcastTableViewCell.swift */ = {isa = PBXFileReference; lastKnownFileType = sourcecode.swift; path = PodcastTableViewCell.swift; sourceTree = "<group>"; };
		AA280F922C5E8BD700EF6B30 /* HomeViewModel.swift */ = {isa = PBXFileReference; lastKnownFileType = sourcecode.swift; path = HomeViewModel.swift; sourceTree = "<group>"; };
		AA280F942C5E959900EF6B30 /* EpisodeListView.swift */ = {isa = PBXFileReference; lastKnownFileType = sourcecode.swift; path = EpisodeListView.swift; sourceTree = "<group>"; };
		AA280F962C5E98DA00EF6B30 /* EpisodeListViewModel.swift */ = {isa = PBXFileReference; lastKnownFileType = sourcecode.swift; path = EpisodeListViewModel.swift; sourceTree = "<group>"; };
		AA3FB93D299E29F50073FE5E /* SearchResult.swift */ = {isa = PBXFileReference; lastKnownFileType = sourcecode.swift; path = SearchResult.swift; sourceTree = "<group>"; };
		AA3FB93F299E2A0F0073FE5E /* Feed.swift */ = {isa = PBXFileReference; lastKnownFileType = sourcecode.swift; path = Feed.swift; sourceTree = "<group>"; };
		AA62813D29873D6A002967DD /* String+Extensions.swift */ = {isa = PBXFileReference; lastKnownFileType = sourcecode.swift; path = "String+Extensions.swift"; sourceTree = "<group>"; };
		AA62813F29882458002967DD /* EpisodesTableViewController.swift */ = {isa = PBXFileReference; lastKnownFileType = sourcecode.swift; path = EpisodesTableViewController.swift; sourceTree = "<group>"; };
		AA628141298836DA002967DD /* EpisodeTableViewCell.swift */ = {isa = PBXFileReference; lastKnownFileType = sourcecode.swift; path = EpisodeTableViewCell.swift; sourceTree = "<group>"; };
		AA628142298836DA002967DD /* EpisodeTableViewCell.xib */ = {isa = PBXFileReference; lastKnownFileType = file.xib; path = EpisodeTableViewCell.xib; sourceTree = "<group>"; };
		AA62814529884664002967DD /* PlayerDetailsView.xib */ = {isa = PBXFileReference; lastKnownFileType = file.xib; path = PlayerDetailsView.xib; sourceTree = "<group>"; };
		AA628147298849CE002967DD /* PlayerDetailsView.swift */ = {isa = PBXFileReference; lastKnownFileType = sourcecode.swift; path = PlayerDetailsView.swift; sourceTree = "<group>"; };
		AA679A822AA768AF00B1B249 /* Double+Extensions.swift */ = {isa = PBXFileReference; lastKnownFileType = sourcecode.swift; path = "Double+Extensions.swift"; sourceTree = "<group>"; };
		AA73B4CE2A8BFE8D00F45B9A /* PlayerManager.swift */ = {isa = PBXFileReference; lastKnownFileType = sourcecode.swift; path = PlayerManager.swift; sourceTree = "<group>"; };
		AA77106D292063CF009FDBAA /* Podcast.app */ = {isa = PBXFileReference; explicitFileType = wrapper.application; includeInIndex = 0; path = Podcast.app; sourceTree = BUILT_PRODUCTS_DIR; };
		AA771070292063CF009FDBAA /* AppDelegate.swift */ = {isa = PBXFileReference; lastKnownFileType = sourcecode.swift; path = AppDelegate.swift; sourceTree = "<group>"; };
		AA771072292063CF009FDBAA /* SceneDelegate.swift */ = {isa = PBXFileReference; lastKnownFileType = sourcecode.swift; path = SceneDelegate.swift; sourceTree = "<group>"; };
		AA771074292063CF009FDBAA /* ViewController.swift */ = {isa = PBXFileReference; lastKnownFileType = sourcecode.swift; path = ViewController.swift; sourceTree = "<group>"; };
		AA771077292063CF009FDBAA /* Base */ = {isa = PBXFileReference; lastKnownFileType = file.storyboard; name = Base; path = Base.lproj/Main.storyboard; sourceTree = "<group>"; };
		AA77107A292063CF009FDBAA /* Podcast.xcdatamodel */ = {isa = PBXFileReference; lastKnownFileType = wrapper.xcdatamodel; path = Podcast.xcdatamodel; sourceTree = "<group>"; };
		AA77107C292063D0009FDBAA /* Assets.xcassets */ = {isa = PBXFileReference; lastKnownFileType = folder.assetcatalog; path = Assets.xcassets; sourceTree = "<group>"; };
		AA77107F292063D0009FDBAA /* Base */ = {isa = PBXFileReference; lastKnownFileType = file.storyboard; name = Base; path = Base.lproj/LaunchScreen.storyboard; sourceTree = "<group>"; };
		AA771081292063D0009FDBAA /* Info.plist */ = {isa = PBXFileReference; lastKnownFileType = text.plist.xml; path = Info.plist; sourceTree = "<group>"; };
		AA77108929206661009FDBAA /* APICaller.swift */ = {isa = PBXFileReference; lastKnownFileType = sourcecode.swift; path = APICaller.swift; sourceTree = "<group>"; };
		AA77108B292066C9009FDBAA /* Podcast.swift */ = {isa = PBXFileReference; lastKnownFileType = sourcecode.swift; path = Podcast.swift; sourceTree = "<group>"; };
		AA7B7AB0297206420060004E /* HomeViewController.swift */ = {isa = PBXFileReference; lastKnownFileType = sourcecode.swift; path = HomeViewController.swift; sourceTree = "<group>"; };
		AA7B7AB229720B360060004E /* CollectionViewTableViewCell.swift */ = {isa = PBXFileReference; lastKnownFileType = sourcecode.swift; path = CollectionViewTableViewCell.swift; sourceTree = "<group>"; };
		AA8C2D22297B628B00D8A9E9 /* PosterPreviewViewModel.swift */ = {isa = PBXFileReference; lastKnownFileType = sourcecode.swift; path = PosterPreviewViewModel.swift; sourceTree = "<group>"; };
		AA9FDD3D29736C9B00DEB8ED /* PosterCollectionViewCell.swift */ = {isa = PBXFileReference; lastKnownFileType = sourcecode.swift; path = PosterCollectionViewCell.swift; sourceTree = "<group>"; };
		AAA4E1EE2C58513000133D6B /* HomeView.swift */ = {isa = PBXFileReference; lastKnownFileType = sourcecode.swift; path = HomeView.swift; sourceTree = "<group>"; };
		AAA4E1F02C58582900133D6B /* HomeCellView.swift */ = {isa = PBXFileReference; lastKnownFileType = sourcecode.swift; path = HomeCellView.swift; sourceTree = "<group>"; };
		AAD99760297DC040006DCC9E /* XmlManager.swift */ = {isa = PBXFileReference; lastKnownFileType = sourcecode.swift; path = XmlManager.swift; sourceTree = "<group>"; };
		AAD99762297DCAC2006DCC9E /* SwiftUIView.swift */ = {isa = PBXFileReference; lastKnownFileType = sourcecode.swift; path = SwiftUIView.swift; sourceTree = "<group>"; };
		AAD99776297EF3B4006DCC9E /* CustomTabBarController.swift */ = {isa = PBXFileReference; fileEncoding = 4; lastKnownFileType = sourcecode.swift; path = CustomTabBarController.swift; sourceTree = "<group>"; };
		AAD99777297EF3B4006DCC9E /* CustomItemView.swift */ = {isa = PBXFileReference; fileEncoding = 4; lastKnownFileType = sourcecode.swift; path = CustomItemView.swift; sourceTree = "<group>"; };
		AAD9977A297EF3B4006DCC9E /* CustomTabBar.swift */ = {isa = PBXFileReference; fileEncoding = 4; lastKnownFileType = sourcecode.swift; path = CustomTabBar.swift; sourceTree = "<group>"; };
		AAD9977E297EF3B4006DCC9E /* CustomTabBarItem.swift */ = {isa = PBXFileReference; fileEncoding = 4; lastKnownFileType = sourcecode.swift; path = CustomTabBarItem.swift; sourceTree = "<group>"; };
		AAD997AE2980A43A006DCC9E /* Array+Extensions.swift */ = {isa = PBXFileReference; lastKnownFileType = sourcecode.swift; path = "Array+Extensions.swift"; sourceTree = "<group>"; };
		AAD997B02980A46E006DCC9E /* UiStackView+Extensions.swift */ = {isa = PBXFileReference; lastKnownFileType = sourcecode.swift; path = "UiStackView+Extensions.swift"; sourceTree = "<group>"; };
		AAD997B22980A498006DCC9E /* UIView+Extensions.swift */ = {isa = PBXFileReference; lastKnownFileType = sourcecode.swift; path = "UIView+Extensions.swift"; sourceTree = "<group>"; };
		AAD997B42980A4DD006DCC9E /* UILabel+Extensions.swift */ = {isa = PBXFileReference; lastKnownFileType = sourcecode.swift; path = "UILabel+Extensions.swift"; sourceTree = "<group>"; };
/* End PBXFileReference section */

/* Begin PBXFrameworksBuildPhase section */
		AA77106A292063CF009FDBAA /* Frameworks */ = {
			isa = PBXFrameworksBuildPhase;
			buildActionMask = 2147483647;
			files = (
				AAD99770297EEEF4006DCC9E /* RxSwift in Frameworks */,
				AAD99768297EEE53006DCC9E /* SnapKit in Frameworks */,
				AAB0F195292141570084B7F6 /* SDWebImageMapKit in Frameworks */,
				AA040227298EF838007ECD54 /* FeedKit in Frameworks */,
				AAD9976D297EEE9C006DCC9E /* RxGesture in Frameworks */,
				AA04023429983A4D007ECD54 /* Moya in Frameworks */,
				AAB0F193292141570084B7F6 /* SDWebImage in Frameworks */,
			);
			runOnlyForDeploymentPostprocessing = 0;
		};
/* End PBXFrameworksBuildPhase section */

/* Begin PBXGroup section */
		AA04023A29991093007ECD54 /* Search */ = {
			isa = PBXGroup;
			children = (
				AA04023829990FBD007ECD54 /* PodcastsSearchController.swift */,
			);
			path = Search;
			sourceTree = "<group>";
		};
		AA04023B29991457007ECD54 /* Cells */ = {
			isa = PBXGroup;
			children = (
				AA04024A299932A5007ECD54 /* PosterCell */,
				AA040245299931C3007ECD54 /* PodcastCell */,
				AA04023E299914E5007ECD54 /* CollectionViewCell */,
				AA04023C29991460007ECD54 /* EpisodeCell */,
			);
			path = Cells;
			sourceTree = "<group>";
		};
		AA04023C29991460007ECD54 /* EpisodeCell */ = {
			isa = PBXGroup;
			children = (
				AA628141298836DA002967DD /* EpisodeTableViewCell.swift */,
				AA628142298836DA002967DD /* EpisodeTableViewCell.xib */,
			);
			path = EpisodeCell;
			sourceTree = "<group>";
		};
		AA04023E299914E5007ECD54 /* CollectionViewCell */ = {
			isa = PBXGroup;
			children = (
				AA7B7AB229720B360060004E /* CollectionViewTableViewCell.swift */,
			);
			path = CollectionViewCell;
			sourceTree = "<group>";
		};
		AA04023F29991510007ECD54 /* Header */ = {
			isa = PBXGroup;
			children = (
				AAD99762297DCAC2006DCC9E /* SwiftUIView.swift */,
			);
			path = Header;
			sourceTree = "<group>";
		};
		AA040244299928EB007ECD54 /* Player */ = {
			isa = PBXGroup;
			children = (
				AA62814529884664002967DD /* PlayerDetailsView.xib */,
				AA628147298849CE002967DD /* PlayerDetailsView.swift */,
			);
			path = Player;
			sourceTree = "<group>";
		};
		AA040245299931C3007ECD54 /* PodcastCell */ = {
			isa = PBXGroup;
			children = (
				AA040246299931DC007ECD54 /* PodcastTableViewCell.xib */,
				AA04024829993208007ECD54 /* PodcastTableViewCell.swift */,
			);
			path = PodcastCell;
			sourceTree = "<group>";
		};
		AA04024A299932A5007ECD54 /* PosterCell */ = {
			isa = PBXGroup;
			children = (
				AA9FDD3D29736C9B00DEB8ED /* PosterCollectionViewCell.swift */,
				AA8C2D22297B628B00D8A9E9 /* PosterPreviewViewModel.swift */,
			);
			path = PosterCell;
			sourceTree = "<group>";
		};
		AA4AB64A29219AF20092405B /* Controllers */ = {
			isa = PBXGroup;
			children = (
				AA04023A29991093007ECD54 /* Search */,
				AA771074292063CF009FDBAA /* ViewController.swift */,
				AA7B7AB0297206420060004E /* HomeViewController.swift */,
				AA62813F29882458002967DD /* EpisodesTableViewController.swift */,
			);
			path = Controllers;
			sourceTree = "<group>";
		};
		AA4AB64B29219B110092405B /* Views */ = {
			isa = PBXGroup;
			children = (
				AA04023F29991510007ECD54 /* Header */,
				AA04023B29991457007ECD54 /* Cells */,
				AA771076292063CF009FDBAA /* Main.storyboard */,
				AA040244299928EB007ECD54 /* Player */,
			);
			path = Views;
			sourceTree = "<group>";
		};
		AA4AB64C29219B3F0092405B /* Models */ = {
			isa = PBXGroup;
			children = (
				AA77108B292066C9009FDBAA /* Podcast.swift */,
				AA04022A29983912007ECD54 /* Episode.swift */,
				AA3FB93D299E29F50073FE5E /* SearchResult.swift */,
				AA3FB93F299E2A0F0073FE5E /* Feed.swift */,
			);
			path = Models;
			sourceTree = "<group>";
		};
		AA771064292063CF009FDBAA = {
			isa = PBXGroup;
			children = (
				AA77106F292063CF009FDBAA /* Podcast */,
				AA77106E292063CF009FDBAA /* Products */,
			);
			sourceTree = "<group>";
		};
		AA77106E292063CF009FDBAA /* Products */ = {
			isa = PBXGroup;
			children = (
				AA77106D292063CF009FDBAA /* Podcast.app */,
			);
			name = Products;
			sourceTree = "<group>";
		};
		AA77106F292063CF009FDBAA /* Podcast */ = {
			isa = PBXGroup;
			children = (
				AA771081292063D0009FDBAA /* Info.plist */,
				AAD997AB2980A384006DCC9E /* Other */,
				AAD997A82980A333006DCC9E /* Extensions */,
				AAD997A62980A308006DCC9E /* Modules */,
				AA7F99B22975DB6E00CC1E4D /* Resources */,
				AA7BD9072923868B00860930 /* Managers */,
				AA771072292063CF009FDBAA /* SceneDelegate.swift */,
				AA771079292063CF009FDBAA /* Podcast.xcdatamodeld */,
				AA4AB64C29219B3F0092405B /* Models */,
				AAA4E1EE2C58513000133D6B /* HomeView.swift */,
				AAA4E1F02C58582900133D6B /* HomeCellView.swift */,
				AA280F922C5E8BD700EF6B30 /* HomeViewModel.swift */,
				AA280F942C5E959900EF6B30 /* EpisodeListView.swift */,
				AA280F962C5E98DA00EF6B30 /* EpisodeListViewModel.swift */,
			);
			path = Podcast;
			sourceTree = "<group>";
		};
		AA7BD9072923868B00860930 /* Managers */ = {
			isa = PBXGroup;
			children = (
				AA77108929206661009FDBAA /* APICaller.swift */,
				AAD99760297DC040006DCC9E /* XmlManager.swift */,
				AA73B4CE2A8BFE8D00F45B9A /* PlayerManager.swift */,
			);
			path = Managers;
			sourceTree = "<group>";
		};
		AA7F99B22975DB6E00CC1E4D /* Resources */ = {
			isa = PBXGroup;
			children = (
				AA77107C292063D0009FDBAA /* Assets.xcassets */,
				AA77107E292063D0009FDBAA /* LaunchScreen.storyboard */,
			);
			path = Resources;
			sourceTree = "<group>";
		};
		AAD99773297EF351006DCC9E /* CustomTabBar */ = {
			isa = PBXGroup;
			children = (
				AAD99776297EF3B4006DCC9E /* CustomTabBarController.swift */,
				AAD99777297EF3B4006DCC9E /* CustomItemView.swift */,
				AAD9977A297EF3B4006DCC9E /* CustomTabBar.swift */,
				AAD9977E297EF3B4006DCC9E /* CustomTabBarItem.swift */,
			);
			path = CustomTabBar;
			sourceTree = "<group>";
		};
		AAD997A62980A308006DCC9E /* Modules */ = {
			isa = PBXGroup;
			children = (
				AAD99773297EF351006DCC9E /* CustomTabBar */,
				AA4AB64B29219B110092405B /* Views */,
				AA4AB64A29219AF20092405B /* Controllers */,
			);
			path = Modules;
			sourceTree = "<group>";
		};
		AAD997A82980A333006DCC9E /* Extensions */ = {
			isa = PBXGroup;
			children = (
				AAD997AE2980A43A006DCC9E /* Array+Extensions.swift */,
				AAD997B02980A46E006DCC9E /* UiStackView+Extensions.swift */,
				AAD997B22980A498006DCC9E /* UIView+Extensions.swift */,
				AAD997B42980A4DD006DCC9E /* UILabel+Extensions.swift */,
				AA62813D29873D6A002967DD /* String+Extensions.swift */,
				AA040228299838D9007ECD54 /* RSSFeed+Extension.swift */,
				AA679A822AA768AF00B1B249 /* Double+Extensions.swift */,
			);
			path = Extensions;
			sourceTree = "<group>";
		};
		AAD997AB2980A384006DCC9E /* Other */ = {
			isa = PBXGroup;
			children = (
				AAD997AD2980A3A1006DCC9E /* Config */,
				AAD997AC2980A398006DCC9E /* App */,
			);
			path = Other;
			sourceTree = "<group>";
		};
		AAD997AC2980A398006DCC9E /* App */ = {
			isa = PBXGroup;
			children = (
				AA771070292063CF009FDBAA /* AppDelegate.swift */,
			);
			path = App;
			sourceTree = "<group>";
		};
		AAD997AD2980A3A1006DCC9E /* Config */ = {
			isa = PBXGroup;
			children = (
			);
			path = Config;
			sourceTree = "<group>";
		};
/* End PBXGroup section */

/* Begin PBXNativeTarget section */
		AA77106C292063CF009FDBAA /* Podcast */ = {
			isa = PBXNativeTarget;
			buildConfigurationList = AA771084292063D0009FDBAA /* Build configuration list for PBXNativeTarget "Podcast" */;
			buildPhases = (
				AA771069292063CF009FDBAA /* Sources */,
				AA77106A292063CF009FDBAA /* Frameworks */,
				AA77106B292063CF009FDBAA /* Resources */,
				AAA4E1F62C585CF500133D6B /* ShellScript */,
			);
			buildRules = (
			);
			dependencies = (
			);
			name = Podcast;
			packageProductDependencies = (
				AAB0F192292141570084B7F6 /* SDWebImage */,
				AAB0F194292141570084B7F6 /* SDWebImageMapKit */,
				AAD99767297EEE53006DCC9E /* SnapKit */,
				AAD9976C297EEE9C006DCC9E /* RxGesture */,
				AAD9976F297EEEF4006DCC9E /* RxSwift */,
				AA040226298EF838007ECD54 /* FeedKit */,
				AA04023329983A4D007ECD54 /* Moya */,
			);
			productName = Podcast;
			productReference = AA77106D292063CF009FDBAA /* Podcast.app */;
			productType = "com.apple.product-type.application";
		};
/* End PBXNativeTarget section */

/* Begin PBXProject section */
		AA771065292063CF009FDBAA /* Project object */ = {
			isa = PBXProject;
			attributes = {
				BuildIndependentTargetsInParallel = 1;
				KnownAssetTags = (
					New,
				);
				LastSwiftUpdateCheck = 1400;
				LastUpgradeCheck = 1540;
				TargetAttributes = {
					AA77106C292063CF009FDBAA = {
						CreatedOnToolsVersion = 14.0.1;
					};
				};
			};
			buildConfigurationList = AA771068292063CF009FDBAA /* Build configuration list for PBXProject "Podcast" */;
			compatibilityVersion = "Xcode 14.0";
			developmentRegion = en;
			hasScannedForEncodings = 0;
			knownRegions = (
				en,
				Base,
			);
			mainGroup = AA771064292063CF009FDBAA;
			packageReferences = (
				AAB0F191292141570084B7F6 /* XCRemoteSwiftPackageReference "SDWebImage" */,
				AAD99766297EEE53006DCC9E /* XCRemoteSwiftPackageReference "SnapKit" */,
				AAD9976B297EEE9C006DCC9E /* XCRemoteSwiftPackageReference "RxGesture" */,
				AAD9976E297EEEF4006DCC9E /* XCRemoteSwiftPackageReference "RxSwift" */,
				AA040225298EF838007ECD54 /* XCRemoteSwiftPackageReference "FeedKit" */,
				AA04023229983A4D007ECD54 /* XCRemoteSwiftPackageReference "Moya" */,
				AAA4E1F22C585A3400133D6B /* XCRemoteSwiftPackageReference "SwiftLint" */,
			);
			productRefGroup = AA77106E292063CF009FDBAA /* Products */;
			projectDirPath = "";
			projectRoot = "";
			targets = (
				AA77106C292063CF009FDBAA /* Podcast */,
			);
		};
/* End PBXProject section */

/* Begin PBXResourcesBuildPhase section */
		AA77106B292063CF009FDBAA /* Resources */ = {
			isa = PBXResourcesBuildPhase;
			buildActionMask = 2147483647;
			files = (
				AA040247299931DC007ECD54 /* PodcastTableViewCell.xib in Resources */,
				AA771080292063D0009FDBAA /* LaunchScreen.storyboard in Resources */,
				AA62814629884664002967DD /* PlayerDetailsView.xib in Resources */,
				AA628144298836DA002967DD /* EpisodeTableViewCell.xib in Resources */,
				AA77107D292063D0009FDBAA /* Assets.xcassets in Resources */,
				AA771078292063CF009FDBAA /* Main.storyboard in Resources */,
			);
			runOnlyForDeploymentPostprocessing = 0;
		};
/* End PBXResourcesBuildPhase section */

/* Begin PBXShellScriptBuildPhase section */
		AAA4E1F62C585CF500133D6B /* ShellScript */ = {
			isa = PBXShellScriptBuildPhase;
			buildActionMask = 2147483647;
			files = (
			);
			inputFileListPaths = (
			);
			inputPaths = (
			);
			outputFileListPaths = (
			);
			outputPaths = (
			);
			runOnlyForDeploymentPostprocessing = 0;
			shellPath = /bin/sh;
			shellScript = "if which swiftlint >/dev/null; then\n  swiftlint\nelse\n  echo \"warning: SwiftLint not installed, download from https://github.com/realm/SwiftLint\"\nfi\n";
		};
/* End PBXShellScriptBuildPhase section */

/* Begin PBXSourcesBuildPhase section */
		AA771069292063CF009FDBAA /* Sources */ = {
			isa = PBXSourcesBuildPhase;
			buildActionMask = 2147483647;
			files = (
				AA628143298836DA002967DD /* EpisodeTableViewCell.swift in Sources */,
				AA280F972C5E98DA00EF6B30 /* EpisodeListViewModel.swift in Sources */,
				AAD99789297EF3B4006DCC9E /* CustomTabBarItem.swift in Sources */,
				AA3FB93E299E29F50073FE5E /* SearchResult.swift in Sources */,
				AAD997B32980A498006DCC9E /* UIView+Extensions.swift in Sources */,
				AA3FB940299E2A0F0073FE5E /* Feed.swift in Sources */,
				AAA4E1F12C58582900133D6B /* HomeCellView.swift in Sources */,
				AA77108C292066C9009FDBAA /* Podcast.swift in Sources */,
				AAD99781297EF3B4006DCC9E /* CustomTabBarController.swift in Sources */,
				AAD99763297DCAC2006DCC9E /* SwiftUIView.swift in Sources */,
				AA679A832AA768AF00B1B249 /* Double+Extensions.swift in Sources */,
				AAD99785297EF3B4006DCC9E /* CustomTabBar.swift in Sources */,
				AA62814029882458002967DD /* EpisodesTableViewController.swift in Sources */,
				AA62813E29873D6A002967DD /* String+Extensions.swift in Sources */,
				AA7B7AB329720B360060004E /* CollectionViewTableViewCell.swift in Sources */,
				AA771075292063CF009FDBAA /* ViewController.swift in Sources */,
				AA04024929993208007ECD54 /* PodcastTableViewCell.swift in Sources */,
				AA04022B29983912007ECD54 /* Episode.swift in Sources */,
				AA771071292063CF009FDBAA /* AppDelegate.swift in Sources */,
				AAD99761297DC040006DCC9E /* XmlManager.swift in Sources */,
				AA77107B292063CF009FDBAA /* Podcast.xcdatamodeld in Sources */,
				AA771073292063CF009FDBAA /* SceneDelegate.swift in Sources */,
				AAD99782297EF3B4006DCC9E /* CustomItemView.swift in Sources */,
				AAD997B52980A4DD006DCC9E /* UILabel+Extensions.swift in Sources */,
				AA280F932C5E8BD700EF6B30 /* HomeViewModel.swift in Sources */,
				AA628148298849CE002967DD /* PlayerDetailsView.swift in Sources */,
				AA73B4CF2A8BFE8D00F45B9A /* PlayerManager.swift in Sources */,
				AAD997B12980A46E006DCC9E /* UiStackView+Extensions.swift in Sources */,
				AAD997AF2980A43A006DCC9E /* Array+Extensions.swift in Sources */,
				AA9FDD3E29736C9B00DEB8ED /* PosterCollectionViewCell.swift in Sources */,
				AAA4E1EF2C58513000133D6B /* HomeView.swift in Sources */,
				AA77108A29206661009FDBAA /* APICaller.swift in Sources */,
				AA040229299838D9007ECD54 /* RSSFeed+Extension.swift in Sources */,
				AA280F952C5E959900EF6B30 /* EpisodeListView.swift in Sources */,
				AA7B7AB1297206420060004E /* HomeViewController.swift in Sources */,
				AA04023929990FBD007ECD54 /* PodcastsSearchController.swift in Sources */,
				AA8C2D23297B628B00D8A9E9 /* PosterPreviewViewModel.swift in Sources */,
			);
			runOnlyForDeploymentPostprocessing = 0;
		};
/* End PBXSourcesBuildPhase section */

/* Begin PBXVariantGroup section */
		AA771076292063CF009FDBAA /* Main.storyboard */ = {
			isa = PBXVariantGroup;
			children = (
				AA771077292063CF009FDBAA /* Base */,
			);
			name = Main.storyboard;
			sourceTree = "<group>";
		};
		AA77107E292063D0009FDBAA /* LaunchScreen.storyboard */ = {
			isa = PBXVariantGroup;
			children = (
				AA77107F292063D0009FDBAA /* Base */,
			);
			name = LaunchScreen.storyboard;
			sourceTree = "<group>";
		};
/* End PBXVariantGroup section */

/* Begin XCBuildConfiguration section */
		AA771082292063D0009FDBAA /* Debug */ = {
			isa = XCBuildConfiguration;
			buildSettings = {
				ALWAYS_SEARCH_USER_PATHS = NO;
				CLANG_ANALYZER_NONNULL = YES;
				CLANG_ANALYZER_NUMBER_OBJECT_CONVERSION = YES_AGGRESSIVE;
				CLANG_CXX_LANGUAGE_STANDARD = "gnu++20";
				CLANG_ENABLE_MODULES = YES;
				CLANG_ENABLE_OBJC_ARC = YES;
				CLANG_ENABLE_OBJC_WEAK = YES;
				CLANG_WARN_BLOCK_CAPTURE_AUTORELEASING = YES;
				CLANG_WARN_BOOL_CONVERSION = YES;
				CLANG_WARN_COMMA = YES;
				CLANG_WARN_CONSTANT_CONVERSION = YES;
				CLANG_WARN_DEPRECATED_OBJC_IMPLEMENTATIONS = YES;
				CLANG_WARN_DIRECT_OBJC_ISA_USAGE = YES_ERROR;
				CLANG_WARN_DOCUMENTATION_COMMENTS = YES;
				CLANG_WARN_EMPTY_BODY = YES;
				CLANG_WARN_ENUM_CONVERSION = YES;
				CLANG_WARN_INFINITE_RECURSION = YES;
				CLANG_WARN_INT_CONVERSION = YES;
				CLANG_WARN_NON_LITERAL_NULL_CONVERSION = YES;
				CLANG_WARN_OBJC_IMPLICIT_RETAIN_SELF = YES;
				CLANG_WARN_OBJC_LITERAL_CONVERSION = YES;
				CLANG_WARN_OBJC_ROOT_CLASS = YES_ERROR;
				CLANG_WARN_QUOTED_INCLUDE_IN_FRAMEWORK_HEADER = YES;
				CLANG_WARN_RANGE_LOOP_ANALYSIS = YES;
				CLANG_WARN_STRICT_PROTOTYPES = YES;
				CLANG_WARN_SUSPICIOUS_MOVE = YES;
				CLANG_WARN_UNGUARDED_AVAILABILITY = YES_AGGRESSIVE;
				CLANG_WARN_UNREACHABLE_CODE = YES;
				CLANG_WARN__DUPLICATE_METHOD_MATCH = YES;
				COPY_PHASE_STRIP = NO;
				DEBUG_INFORMATION_FORMAT = dwarf;
				ENABLE_STRICT_OBJC_MSGSEND = YES;
				ENABLE_TESTABILITY = YES;
				ENABLE_USER_SCRIPT_SANDBOXING = YES;
				GCC_C_LANGUAGE_STANDARD = gnu11;
				GCC_DYNAMIC_NO_PIC = NO;
				GCC_NO_COMMON_BLOCKS = YES;
				GCC_OPTIMIZATION_LEVEL = 0;
				GCC_PREPROCESSOR_DEFINITIONS = (
					"DEBUG=1",
					"$(inherited)",
				);
				GCC_WARN_64_TO_32_BIT_CONVERSION = YES;
				GCC_WARN_ABOUT_RETURN_TYPE = YES_ERROR;
				GCC_WARN_UNDECLARED_SELECTOR = YES;
				GCC_WARN_UNINITIALIZED_AUTOS = YES_AGGRESSIVE;
				GCC_WARN_UNUSED_FUNCTION = YES;
				GCC_WARN_UNUSED_VARIABLE = YES;
				IPHONEOS_DEPLOYMENT_TARGET = 17.0;
				MTL_ENABLE_DEBUG_INFO = INCLUDE_SOURCE;
				MTL_FAST_MATH = YES;
				ONLY_ACTIVE_ARCH = YES;
				SDKROOT = iphoneos;
				SWIFT_ACTIVE_COMPILATION_CONDITIONS = DEBUG;
				SWIFT_OPTIMIZATION_LEVEL = "-Onone";
			};
			name = Debug;
		};
		AA771083292063D0009FDBAA /* Release */ = {
			isa = XCBuildConfiguration;
			buildSettings = {
				ALWAYS_SEARCH_USER_PATHS = NO;
				CLANG_ANALYZER_NONNULL = YES;
				CLANG_ANALYZER_NUMBER_OBJECT_CONVERSION = YES_AGGRESSIVE;
				CLANG_CXX_LANGUAGE_STANDARD = "gnu++20";
				CLANG_ENABLE_MODULES = YES;
				CLANG_ENABLE_OBJC_ARC = YES;
				CLANG_ENABLE_OBJC_WEAK = YES;
				CLANG_WARN_BLOCK_CAPTURE_AUTORELEASING = YES;
				CLANG_WARN_BOOL_CONVERSION = YES;
				CLANG_WARN_COMMA = YES;
				CLANG_WARN_CONSTANT_CONVERSION = YES;
				CLANG_WARN_DEPRECATED_OBJC_IMPLEMENTATIONS = YES;
				CLANG_WARN_DIRECT_OBJC_ISA_USAGE = YES_ERROR;
				CLANG_WARN_DOCUMENTATION_COMMENTS = YES;
				CLANG_WARN_EMPTY_BODY = YES;
				CLANG_WARN_ENUM_CONVERSION = YES;
				CLANG_WARN_INFINITE_RECURSION = YES;
				CLANG_WARN_INT_CONVERSION = YES;
				CLANG_WARN_NON_LITERAL_NULL_CONVERSION = YES;
				CLANG_WARN_OBJC_IMPLICIT_RETAIN_SELF = YES;
				CLANG_WARN_OBJC_LITERAL_CONVERSION = YES;
				CLANG_WARN_OBJC_ROOT_CLASS = YES_ERROR;
				CLANG_WARN_QUOTED_INCLUDE_IN_FRAMEWORK_HEADER = YES;
				CLANG_WARN_RANGE_LOOP_ANALYSIS = YES;
				CLANG_WARN_STRICT_PROTOTYPES = YES;
				CLANG_WARN_SUSPICIOUS_MOVE = YES;
				CLANG_WARN_UNGUARDED_AVAILABILITY = YES_AGGRESSIVE;
				CLANG_WARN_UNREACHABLE_CODE = YES;
				CLANG_WARN__DUPLICATE_METHOD_MATCH = YES;
				COPY_PHASE_STRIP = NO;
				DEBUG_INFORMATION_FORMAT = "dwarf-with-dsym";
				ENABLE_NS_ASSERTIONS = NO;
				ENABLE_STRICT_OBJC_MSGSEND = YES;
				ENABLE_USER_SCRIPT_SANDBOXING = YES;
				GCC_C_LANGUAGE_STANDARD = gnu11;
				GCC_NO_COMMON_BLOCKS = YES;
				GCC_WARN_64_TO_32_BIT_CONVERSION = YES;
				GCC_WARN_ABOUT_RETURN_TYPE = YES_ERROR;
				GCC_WARN_UNDECLARED_SELECTOR = YES;
				GCC_WARN_UNINITIALIZED_AUTOS = YES_AGGRESSIVE;
				GCC_WARN_UNUSED_FUNCTION = YES;
				GCC_WARN_UNUSED_VARIABLE = YES;
				IPHONEOS_DEPLOYMENT_TARGET = 17.0;
				MTL_ENABLE_DEBUG_INFO = NO;
				MTL_FAST_MATH = YES;
				SDKROOT = iphoneos;
				SWIFT_COMPILATION_MODE = wholemodule;
				SWIFT_OPTIMIZATION_LEVEL = "-O";
				VALIDATE_PRODUCT = YES;
			};
			name = Release;
		};
		AA771085292063D0009FDBAA /* Debug */ = {
			isa = XCBuildConfiguration;
			buildSettings = {
				ASSETCATALOG_COMPILER_APPICON_NAME = AppIcon;
				ASSETCATALOG_COMPILER_GLOBAL_ACCENT_COLOR_NAME = AccentColor;
				CODE_SIGN_STYLE = Automatic;
				CURRENT_PROJECT_VERSION = 1;
				DEVELOPMENT_TEAM = 534SAT4S5S;
				ENABLE_USER_SCRIPT_SANDBOXING = NO;
				GENERATE_INFOPLIST_FILE = YES;
				INFOPLIST_FILE = Podcast/Info.plist;
				INFOPLIST_KEY_UIApplicationSupportsIndirectInputEvents = YES;
				INFOPLIST_KEY_UILaunchStoryboardName = LaunchScreen;
				INFOPLIST_KEY_UIMainStoryboardFile = Main;
				INFOPLIST_KEY_UISupportedInterfaceOrientations_iPad = "UIInterfaceOrientationPortrait UIInterfaceOrientationPortraitUpsideDown UIInterfaceOrientationLandscapeLeft UIInterfaceOrientationLandscapeRight";
				INFOPLIST_KEY_UISupportedInterfaceOrientations_iPhone = "UIInterfaceOrientationPortrait UIInterfaceOrientationLandscapeLeft UIInterfaceOrientationLandscapeRight";
				IPHONEOS_DEPLOYMENT_TARGET = 17.0;
				LD_RUNPATH_SEARCH_PATHS = (
					"$(inherited)",
					"@executable_path/Frameworks",
				);
				MARKETING_VERSION = 1.0;
				PRODUCT_BUNDLE_IDENTIFIER = raidan.com;
				PRODUCT_NAME = "$(TARGET_NAME)";
				SUPPORTED_PLATFORMS = "iphoneos iphonesimulator";
				SUPPORTS_MACCATALYST = NO;
				SUPPORTS_MAC_DESIGNED_FOR_IPHONE_IPAD = YES;
				SWIFT_EMIT_LOC_STRINGS = YES;
				SWIFT_VERSION = 5.0;
				TARGETED_DEVICE_FAMILY = 1;
			};
			name = Debug;
		};
		AA771086292063D0009FDBAA /* Release */ = {
			isa = XCBuildConfiguration;
			buildSettings = {
				ASSETCATALOG_COMPILER_APPICON_NAME = AppIcon;
				ASSETCATALOG_COMPILER_GLOBAL_ACCENT_COLOR_NAME = AccentColor;
				CODE_SIGN_STYLE = Automatic;
				CURRENT_PROJECT_VERSION = 1;
				DEVELOPMENT_TEAM = 534SAT4S5S;
				ENABLE_USER_SCRIPT_SANDBOXING = NO;
				GENERATE_INFOPLIST_FILE = YES;
				INFOPLIST_FILE = Podcast/Info.plist;
				INFOPLIST_KEY_UIApplicationSupportsIndirectInputEvents = YES;
				INFOPLIST_KEY_UILaunchStoryboardName = LaunchScreen;
				INFOPLIST_KEY_UIMainStoryboardFile = Main;
				INFOPLIST_KEY_UISupportedInterfaceOrientations_iPad = "UIInterfaceOrientationPortrait UIInterfaceOrientationPortraitUpsideDown UIInterfaceOrientationLandscapeLeft UIInterfaceOrientationLandscapeRight";
				INFOPLIST_KEY_UISupportedInterfaceOrientations_iPhone = "UIInterfaceOrientationPortrait UIInterfaceOrientationLandscapeLeft UIInterfaceOrientationLandscapeRight";
				IPHONEOS_DEPLOYMENT_TARGET = 17.0;
				LD_RUNPATH_SEARCH_PATHS = (
					"$(inherited)",
					"@executable_path/Frameworks",
				);
				MARKETING_VERSION = 1.0;
				PRODUCT_BUNDLE_IDENTIFIER = raidan.com;
				PRODUCT_NAME = "$(TARGET_NAME)";
				SUPPORTED_PLATFORMS = "iphoneos iphonesimulator";
				SUPPORTS_MACCATALYST = NO;
				SUPPORTS_MAC_DESIGNED_FOR_IPHONE_IPAD = YES;
				SWIFT_EMIT_LOC_STRINGS = YES;
				SWIFT_VERSION = 5.0;
				TARGETED_DEVICE_FAMILY = 1;
			};
			name = Release;
		};
/* End XCBuildConfiguration section */

/* Begin XCConfigurationList section */
		AA771068292063CF009FDBAA /* Build configuration list for PBXProject "Podcast" */ = {
			isa = XCConfigurationList;
			buildConfigurations = (
				AA771082292063D0009FDBAA /* Debug */,
				AA771083292063D0009FDBAA /* Release */,
			);
			defaultConfigurationIsVisible = 0;
			defaultConfigurationName = Release;
		};
		AA771084292063D0009FDBAA /* Build configuration list for PBXNativeTarget "Podcast" */ = {
			isa = XCConfigurationList;
			buildConfigurations = (
				AA771085292063D0009FDBAA /* Debug */,
				AA771086292063D0009FDBAA /* Release */,
			);
			defaultConfigurationIsVisible = 0;
			defaultConfigurationName = Release;
		};
/* End XCConfigurationList section */

/* Begin XCRemoteSwiftPackageReference section */
		AA040225298EF838007ECD54 /* XCRemoteSwiftPackageReference "FeedKit" */ = {
			isa = XCRemoteSwiftPackageReference;
			repositoryURL = "https://github.com/nmdias/FeedKit.git";
			requirement = {
				kind = upToNextMajorVersion;
				minimumVersion = 9.0.0;
			};
		};
		AA04023229983A4D007ECD54 /* XCRemoteSwiftPackageReference "Moya" */ = {
			isa = XCRemoteSwiftPackageReference;
			repositoryURL = "https://github.com/Moya/Moya.git";
			requirement = {
				kind = upToNextMajorVersion;
				minimumVersion = 15.0.0;
			};
		};
		AAA4E1F22C585A3400133D6B /* XCRemoteSwiftPackageReference "SwiftLint" */ = {
			isa = XCRemoteSwiftPackageReference;
			repositoryURL = "https://github.com/realm/SwiftLint.git";
			requirement = {
				kind = upToNextMajorVersion;
				minimumVersion = 0.55.1;
			};
		};
		AAB0F191292141570084B7F6 /* XCRemoteSwiftPackageReference "SDWebImage" */ = {
			isa = XCRemoteSwiftPackageReference;
			repositoryURL = "https://github.com/SDWebImage/SDWebImage.git";
			requirement = {
				kind = upToNextMajorVersion;
				minimumVersion = 5.0.0;
			};
		};
		AAD99766297EEE53006DCC9E /* XCRemoteSwiftPackageReference "SnapKit" */ = {
			isa = XCRemoteSwiftPackageReference;
			repositoryURL = "https://github.com/SnapKit/SnapKit.git";
			requirement = {
				kind = upToNextMajorVersion;
				minimumVersion = 5.0.0;
			};
		};
		AAD9976B297EEE9C006DCC9E /* XCRemoteSwiftPackageReference "RxGesture" */ = {
			isa = XCRemoteSwiftPackageReference;
			repositoryURL = "https://github.com/RxSwiftCommunity/RxGesture.git";
			requirement = {
				kind = upToNextMajorVersion;
				minimumVersion = 4.0.0;
			};
		};
		AAD9976E297EEEF4006DCC9E /* XCRemoteSwiftPackageReference "RxSwift" */ = {
			isa = XCRemoteSwiftPackageReference;
			repositoryURL = "https://github.com/ReactiveX/RxSwift.git";
			requirement = {
				kind = upToNextMajorVersion;
				minimumVersion = 6.0.0;
			};
		};
/* End XCRemoteSwiftPackageReference section */

/* Begin XCSwiftPackageProductDependency section */
		AA040226298EF838007ECD54 /* FeedKit */ = {
			isa = XCSwiftPackageProductDependency;
			package = AA040225298EF838007ECD54 /* XCRemoteSwiftPackageReference "FeedKit" */;
			productName = FeedKit;
		};
		AA04023329983A4D007ECD54 /* Moya */ = {
			isa = XCSwiftPackageProductDependency;
			package = AA04023229983A4D007ECD54 /* XCRemoteSwiftPackageReference "Moya" */;
			productName = Moya;
		};
		AAB0F192292141570084B7F6 /* SDWebImage */ = {
			isa = XCSwiftPackageProductDependency;
			package = AAB0F191292141570084B7F6 /* XCRemoteSwiftPackageReference "SDWebImage" */;
			productName = SDWebImage;
		};
		AAB0F194292141570084B7F6 /* SDWebImageMapKit */ = {
			isa = XCSwiftPackageProductDependency;
			package = AAB0F191292141570084B7F6 /* XCRemoteSwiftPackageReference "SDWebImage" */;
			productName = SDWebImageMapKit;
		};
		AAD99767297EEE53006DCC9E /* SnapKit */ = {
			isa = XCSwiftPackageProductDependency;
			package = AAD99766297EEE53006DCC9E /* XCRemoteSwiftPackageReference "SnapKit" */;
			productName = SnapKit;
		};
		AAD9976C297EEE9C006DCC9E /* RxGesture */ = {
			isa = XCSwiftPackageProductDependency;
			package = AAD9976B297EEE9C006DCC9E /* XCRemoteSwiftPackageReference "RxGesture" */;
			productName = RxGesture;
		};
		AAD9976F297EEEF4006DCC9E /* RxSwift */ = {
			isa = XCSwiftPackageProductDependency;
			package = AAD9976E297EEEF4006DCC9E /* XCRemoteSwiftPackageReference "RxSwift" */;
			productName = RxSwift;
		};
/* End XCSwiftPackageProductDependency section */

/* Begin XCVersionGroup section */
		AA771079292063CF009FDBAA /* Podcast.xcdatamodeld */ = {
			isa = XCVersionGroup;
			children = (
				AA77107A292063CF009FDBAA /* Podcast.xcdatamodel */,
			);
			currentVersion = AA77107A292063CF009FDBAA /* Podcast.xcdatamodel */;
			path = Podcast.xcdatamodeld;
			sourceTree = "<group>";
			versionGroupType = wrapper.xcdatamodel;
		};
/* End XCVersionGroup section */
	};
	rootObject = AA771065292063CF009FDBAA /* Project object */;
}
